
Microsoft Visual Studio Solution File, Format Version 11.00
# Visual Studio 2010
Project("{FAE04EC0-301F-11D3-BF4B-00C04F79EFBC}") = "Dashboard", "Dashboard\Dashboard.csproj", "{D369C02B-1362-4145-9873-313784B84155}"
EndProject
Global
	GlobalSection(SolutionConfigurationPlatforms) = preSolution
		Debug|Any CPU = Debug|Any CPU
		Release|Any CPU = Release|Any CPU
	EndGlobalSection
	GlobalSection(ProjectConfigurationPlatforms) = postSolution
		{D369C02B-1362-4145-9873-313784B84155}.Debug|Any CPU.ActiveCfg = Debug|Any CPU
		{D369C02B-1362-4145-9873-313784B84155}.Debug|Any CPU.Build.0 = Debug|Any CPU
		{D369C02B-1362-4145-9873-313784B84155}.Release|Any CPU.ActiveCfg = Release|Any CPU
		{D369C02B-1362-4145-9873-313784B84155}.Release|Any CPU.Build.0 = Release|Any CPU
	EndGlobalSection
	GlobalSection(SolutionProperties) = preSolution
		HideSolutionNode = FALSE
	EndGlobalSection
EndGlobal
